{
  "name": "site-formulaire",
  "version": "0.1.0",
  "lockfileVersion": 1,
  "requires": true,
  "dependencies": {
    "atom_webatlas": {
      "version": "1.0.1",
      "resolved": "https://registry.npmjs.org/atom_webatlas/-/atom_webatlas-1.0.1.tgz",
      "integrity": "sha512-Ul2y1FOnV8LcD6EW/zXMNKlXL8T7Jtj2Wu0qFSNbi3WLTMTpknXbkLIxNRhhqBm1KEHHUtOlO0LwzNS2l6PXPQ=="
    },
    "bootstrap": {
      "version": "3.4.1",
      "resolved": "https://registry.npmjs.org/bootstrap/-/bootstrap-3.4.1.tgz",
      "integrity": "sha512-yN5oZVmRCwe5aKwzRj6736nSmKDX7pLYwsXiCj/EYmo16hODaBiT4En5btW/jhBF/seV+XMx3aYwukYC3A49DA=="
    },
    "jquery": {
      "version": "3.4.1",
      "resolved": "https://registry.npmjs.org/jquery/-/jquery-3.4.1.tgz",
      "integrity": "sha512-36+AdBzCL+y6qjw5Tx7HgzeGCzC81MDDgaUP8ld2zhx58HdqXGoBd+tHdrBMiyjGQs0Hxs/MLZTu/eHNJJuWPw=="
    },
    "pickadate": {
      "version": "3.6.4",
      "resolved": "https://registry.npmjs.org/pickadate/-/pickadate-3.6.4.tgz",
      "integrity": "sha512-2QN4aAXJJu1BN6L6ZzFd/rOWu9fzAPwNE9PpNX19YccuOu0c+0rMzO3sl72mNrfTmzR2jcLtvLUtw3PoWvhBrQ==",
      "requires": {
        "jquery": ">=1.7"
      }
    }
  }
}
